{
  "name": "queryit-smart",
  "version": "1.0.0",
  "lockfileVersion": 1,
  "requires": true,
  "dependencies": {
    "@google-cloud/bigquery": {
      "version": "2.0.6",
      "resolved": "https://registry.npmjs.org/@google-cloud/bigquery/-/bigquery-2.0.6.tgz",
      "integrity": "sha512-A1aVzyKOvaPYQm9r7QWknfAMzU8lrFcY8kH/LQKBUDMieO+C97YPFxg6OQBm+XLgfTZ8SRavDA4z8nVB4t/IXw=="
    },
    "babel-core": {
      "version": "6.26.3",
      "resolved": "https://registry.npmjs.org/babel-core/-/babel-core-6.26.3.tgz",
      "integrity": "sha512-6jyFLuDmeidKmUEb3NM+/yawG0M2bDZ9Z1qbZP59cyHLz8kYGKYwpJP0UwUKKUiTRNvxfLesJnTedqczP7cTDA==",
      "dev": true,
      "dependencies": {
        "debug": {
          "version": "2.6.9",
          "resolved": "https://registry.npmjs.org/debug/-/debug-2.6.9.tgz",
          "integrity": "sha512-bC7ElrdJaJnPbAP+1EotYvqZsb3ecl5wi6Bfi6BJTUcNowp6cvspg0jXznRTKDjm/E7AdgFBVeAPVMNcKGsHMA=="
        },
        "json5": {
          "version": "0.5.1",
          "resolved": "https://registry.npmjs.org/json5/-/json5-0.5.1.tgz",
          "integrity": "sha1-Hq3nrMASA0rYTiOWdn6tn6VJWCE="
        },
        "ms": {
          "version": "2.0.0",
          "resolved": "https://registry.npmjs.org/ms/-/ms-2.0.0.tgz",
          "integrity": "sha1-VgiurfwAvmwpAd9fmGF4jeDVl8g="
        }
      }
    },
    "babel-loader": {
      "version": "7.1.5",
      "resolved": "https://registry.npmjs.org/babel-loader/-/babel-loader-7.1.5.tgz",
      "integrity": "sha512-iCHfbieL5d1LfOQeeVJEUyD9rTwBcP/fcEbRCfempxTDuqrKpu0AZjLAQHEQa3Yqyj9ORKe2iHfoj4rHLf7xpw==",
      "dev": true
    },
    "babel-plugin-transform-export-extensions": {
      "version": "6.22.0",
      "resolved": "https://registry.npmjs.org/babel-plugin-transform-export-extensions/-/babel-plugin-transform-export-extensions-6.22.0.tgz",
      "integrity": "sha1-U3OLR+deghhYnuqUbLvTkQm75lM=",
      "dev": true
    },
    "babel-preset-es2015": {
      "version": "6.24.1",
      "resolved": "https://registry.npmjs.org/babel-preset-es2015/-/babel-preset-es2015-6.24.1.tgz",
      "integrity": "sha1-1EBQ1rwsn+6nAqrzjXJ6AhBTiTk=",
      "dev": true
    },
    "babel-preset-react": {
      "version": "6.24.1",
      "resolved": "https://registry.npmjs.org/babel-preset-react/-/babel-preset-react-6.24.1.tgz",
      "integrity": "sha1-umnfrqRfw+xjm2pOzqbhdwLJE4A=",
      "dev": true
    },
    "babel-preset-stage-0": {
      "version": "6.24.1",
      "resolved": "https://registry.npmjs.org/babel-preset-stage-0/-/babel-preset-stage-0-6.24.1.tgz",
      "integrity": "sha1-VkLRUEL5E4TX5a+LyIsduVsDnmo="
    },
    "babel-preset-stage-3": {
      "version": "6.24.1",
      "resolved": "https://registry.npmjs.org/babel-preset-stage-3/-/babel-preset-stage-3-6.24.1.tgz",
      "integrity": "sha1-g2raCp56f6N8sTj7kyb4eTSkg5U="
    },
    "body-parser": {
      "version": "1.18.3",
      "resolved": "https://registry.npmjs.org/body-parser/-/body-parser-1.18.3.tgz",
      "integrity": "sha1-WykhmP/dVTs6DyDe0FkrlWlVyLQ=",
      "dependencies": {
        "debug": {
          "version": "2.6.9",
          "resolved": "https://registry.npmjs.org/debug/-/debug-2.6.9.tgz",
          "integrity": "sha512-bC7ElrdJaJnPbAP+1EotYvqZsb3ecl5wi6Bfi6BJTUcNowp6cvspg0jXznRTKDjm/E7AdgFBVeAPVMNcKGsHMA=="
        },
        "ms": {
          "version": "2.0.0",
          "resolved": "https://registry.npmjs.org/ms/-/ms-2.0.0.tgz",
          "integrity": "sha1-VgiurfwAvmwpAd9fmGF4jeDVl8g="
        }
      }
    },
    "classnames": {
      "version": "2.2.6",
      "resolved": "https://registry.npmjs.org/classnames/-/classnames-2.2.6.tgz",
      "integrity": "sha512-JR/iSQOSt+LQIWwrwEzJ9uk0xfN3mTVYMwt1Ir5mUcSN6pU+V4zQFFaJsclJbPuAUQH+yfWef6tm7l1quW3C8Q=="
    },
    "css-loader": {
      "version": "2.1.0",
      "resolved": "https://registry.npmjs.org/css-loader/-/css-loader-2.1.0.tgz",
      "integrity": "sha512-MoOu+CStsGrSt5K2OeZ89q3Snf+IkxRfAIt9aAKg4piioTrhtP1iEFPu+OVn3Ohz24FO6L+rw9UJxBILiSBw5Q==",
      "dev": true
    },
    "ejs": {
      "version": "2.6.1",
      "resolved": "https://registry.npmjs.org/ejs/-/ejs-2.6.1.tgz",
      "integrity": "sha512-0xy4A/twfrRCnkhfk8ErDi5DqdAsAqeGxht4xkCUrsvhhbQNs7E+4jV0CN7+NKIY0aHE72+XvqtBIXzD31ZbXQ=="
    },
    "express": {
      "version": "4.16.4",
      "resolved": "https://registry.npmjs.org/express/-/express-4.16.4.tgz",
      "integrity": "sha512-j12Uuyb4FMrd/qQAm6uCHAkPtO8FDTRJZBDd5D2KOL2eLaz1yUNdUB/NOIyq0iU4q4cFarsUCrnFDPBcnksuOg==",
      "dependencies": {
        "debug": {
          "version": "2.6.9",
          "resolved": "https://registry.npmjs.org/debug/-/debug-2.6.9.tgz",
          "integrity": "sha512-bC7ElrdJaJnPbAP+1EotYvqZsb3ecl5wi6Bfi6BJTUcNowp6cvspg0jXznRTKDjm/E7AdgFBVeAPVMNcKGsHMA=="
        },
        "ms": {
          "version": "2.0.0",
          "resolved": "https://registry.npmjs.org/ms/-/ms-2.0.0.tgz",
          "integrity": "sha1-VgiurfwAvmwpAd9fmGF4jeDVl8g="
        },
        "statuses": {
          "version": "1.4.0",
          "resolved": "https://registry.npmjs.org/statuses/-/statuses-1.4.0.tgz",
          "integrity": "sha512-zhSCtt8v2NDrRlPQpCNtw/heZLtfUDqxBM1udqikb/Hbk52LK4nQSwr10u77iopCW5LsyHpuXS0GnEc48mLeew=="
        }
      }
    },
    "express-recaptcha": {
      "version": "2.3.0",
      "resolved": "https://registry.npmjs.org/express-recaptcha/-/express-recaptcha-2.3.0.tgz",
      "integrity": "sha1-bP+VV7tqE9vWtI79ftB4VWPx4LE="
    },
    "file-loader": {
      "version": "3.0.1",
      "resolved": "https://registry.npmjs.org/file-loader/-/file-loader-3.0.1.tgz",
      "integrity": "sha512-4sNIOXgtH/9WZq4NvlfU3Opn5ynUsqBwSLyM+I7UOwdGigTBYfVVQEwe/msZNX/j4pCJTIM14Fsw66Svo1oVrw==",
      "dev": true
    },
    "flexboxgrid": {
      "version": "6.3.1",
      "resolved": "https://registry.npmjs.org/flexboxgrid/-/flexboxgrid-6.3.1.tgz",
      "integrity": "sha1-6ZiYr8B7cEdyK7galYpfuk1OIP0="
    },
    "fs": {
      "version": "0.0.1-security",
      "resolved": "https://registry.npmjs.org/fs/-/fs-0.0.1-security.tgz",
      "integrity": "sha1-invTcYa23d84E/I4WLV+yq9eQdQ="
    },
    "gsap": {
      "version": "1.20.6",
      "resolved": "https://registry.npmjs.org/gsap/-/gsap-1.20.6.tgz",
      "integrity": "sha512-XM2BdaoJP23KSg/u4FnsqVI+HI7/jcVZbHFU8JfzNLvPCF08yf4a/WRFP/lQ5gbWydpL7g/YKjPe/PMpw+5WJQ=="
    },
    "lodash": {
      "version": "4.17.19",
      "resolved": "https://registry.npmjs.org/lodash/-/lodash-4.17.19.tgz",
      "integrity": "sha512-JNvd8XER9GQX0v2qJgsaN/mzFCNA5BRe/j8JN9d+tWyGLSodKQHKFicdwNYzWwI3wjRnaKPsGj1XkBjx/F96DQ=="
    },
    "material-ui": {
      "version": "0.18.7",
      "resolved": "https://registry.npmjs.org/material-ui/-/material-ui-0.18.7.tgz",
      "integrity": "sha1-uHrxY1fmlms2wj1InrLtcHRtJfg="
    },
    "morgan": {
      "version": "1.9.1",
      "resolved": "https://registry.npmjs.org/morgan/-/morgan-1.9.1.tgz",
      "integrity": "sha512-HQStPIV4y3afTiCYVxirakhlCfGkI161c76kKFca7Fk1JusM//Qeo1ej2XaMniiNeaZklMVrh3vTtIzpzwbpmA==",
      "dependencies": {
        "debug": {
          "version": "2.6.9",
          "resolved": "https://registry.npmjs.org/debug/-/debug-2.6.9.tgz",
          "integrity": "sha512-bC7ElrdJaJnPbAP+1EotYvqZsb3ecl5wi6Bfi6BJTUcNowp6cvspg0jXznRTKDjm/E7AdgFBVeAPVMNcKGsHMA=="
        },
        "ms": {
          "version": "2.0.0",
          "resolved": "https://registry.npmjs.org/ms/-/ms-2.0.0.tgz",
          "integrity": "sha1-VgiurfwAvmwpAd9fmGF4jeDVl8g="
        }
      }
    },
    "node-sass": {
      "version": "4.11.0",
      "resolved": "https://registry.npmjs.org/node-sass/-/node-sass-4.11.0.tgz",
      "integrity": "sha512-bHUdHTphgQJZaF1LASx0kAviPH7sGlcyNhWade4eVIpFp6tsn7SV8xNMTbsQFpEV9VXpnwTTnNYlfsZXgGgmkA==",
      "dev": true
    },
    "path": {
      "version": "0.12.7",
      "resolved": "https://registry.npmjs.org/path/-/path-0.12.7.tgz",
      "integrity": "sha1-1NwqUGxM4hl+tIHr/NWzbAFAsQ8="
    },
    "react": {
      "version": "15.6.2",
      "resolved": "https://registry.npmjs.org/react/-/react-15.6.2.tgz",
      "integrity": "sha1-26BDSrQ5z+gvEI8PURZjkIF5qnI="
    },
    "react-async-script": {
      "version": "0.8.0",
      "resolved": "https://registry.npmjs.org/react-async-script/-/react-async-script-0.8.0.tgz",
      "integrity": "sha1-xiP/LH6VkoHwrvcOJBBA37mf3/A="
    },
    "react-dom": {
      "version": "15.6.2",
      "resolved": "https://registry.npmjs.org/react-dom/-/react-dom-15.6.2.tgz",
      "integrity": "sha1-Qc+t9pO3V/rycIRDodH9WgK+9zA="
    },
    "react-google-recaptcha": {
      "version": "0.8.1",
      "resolved": "https://registry.npmjs.org/react-google-recaptcha/-/react-google-recaptcha-0.8.1.tgz",
      "integrity": "sha1-tYC/5cBFFQtGqlIVDmlRibCzAn8="
    },
    "react-gsap-enhancer": {
      "version": "0.3.0",
      "resolved": "https://registry.npmjs.org/react-gsap-enhancer/-/react-gsap-enhancer-0.3.0.tgz",
      "integrity": "sha1-ufn9GTFYdXaMQz4JQ8KkHupDt9I="
    },
    "react-redux": {
      "version": "5.1.1",
      "resolved": "https://registry.npmjs.org/react-redux/-/react-redux-5.1.1.tgz",
      "integrity": "sha512-LE7Ned+cv5qe7tMV5BPYkGQ5Lpg8gzgItK07c67yHvJ8t0iaD9kPFPAli/mYkiyJYrs2pJgExR2ZgsGqlrOApg==",
      "dependencies": {
        "hoist-non-react-statics": {
          "version": "3.3.0",
          "resolved": "https://registry.npmjs.org/hoist-non-react-statics/-/hoist-non-react-statics-3.3.0.tgz",
          "integrity": "sha512-0XsbTXxgiaCDYDIWFcwkmerZPSwywfUqYmwT4jzewKTQSWoE6FCMoUVOeBJWK3E/CrWbxRG3m5GzY4lnIwGRBA=="
        }
      }
    },
    "react-tap-event-plugin": {
      "version": "2.0.1",
      "resolved": "https://registry.npmjs.org/react-tap-event-plugin/-/react-tap-event-plugin-2.0.1.tgz",
      "integrity": "sha1-MWvrO8ZVbinshppyk+icgmqQdNI="
    },
    "react-typist": {
      "version": "1.1.1",
      "resolved": "https://registry.npmjs.org/react-typist/-/react-typist-1.1.1.tgz",
      "integrity": "sha1-O2UfjInOJA+Ar71jA4wbyxE6zPQ="
    },
    "redux": {
      "version": "3.7.2",
      "resolved": "https://registry.npmjs.org/redux/-/redux-3.7.2.tgz",
      "integrity": "sha512-pNqnf9q1hI5HHZRBkj3bAngGZW/JMCmexDlOxw4XagXY2o1327nHH54LoTjiPJ0gizoqPDRqWyX/00g0hD6w+A=="
    },
    "redux-thunk": {
      "version": "2.3.0",
      "resolved": "https://registry.npmjs.org/redux-thunk/-/redux-thunk-2.3.0.tgz",
      "integrity": "sha512-km6dclyFnmcvxhAcrQV2AkZmPQjzPDjgVlQtR0EQjxZPyJ0BnMf3in1ryuR8A2qU0HldVRfxYXbFSKlI3N7Slw=="
    },
    "sass-loader": {
      "version": "7.1.0",
      "resolved": "https://registry.npmjs.org/sass-loader/-/sass-loader-7.1.0.tgz",
      "integrity": "sha512-+G+BKGglmZM2GUSfT9TLuEp6tzehHPjAMoRRItOojWIqIGPloVCMhNIQuG639eJ+y033PaGTSjLaTHts8Kw79w==",
      "dev": true,
      "dependencies": {
        "pify": {
          "version": "3.0.0",
          "resolved": "https://registry.npmjs.org/pify/-/pify-3.0.0.tgz",
          "integrity": "sha1-5aSs0sEB/fPZpNB/DbxNtJ3SgXY="
        }
      }
    },
    "style-loader": {
      "version": "0.23.1",
      "resolved": "https://registry.npmjs.org/style-loader/-/style-loader-0.23.1.tgz",
      "integrity": "sha512-XK+uv9kWwhZMZ1y7mysB+zoihsEj4wneFWAS5qoiLwzW0WzSqMrrsIy+a3zkQJq0ipFtBpX5W3MqyRIBF/WFGg==",
      "dev": true
    },
    "superagent": {
      "version": "4.1.0",
      "resolved": "https://registry.npmjs.org/superagent/-/superagent-4.1.0.tgz",
      "integrity": "sha512-FT3QLMasz0YyCd4uIi5HNe+3t/onxMyEho7C3PSqmti3Twgy2rXT4fmkTz6wRL6bTF4uzPcfkUCa8u4JWHw8Ag==",
      "dependencies": {
        "debug": {
          "version": "4.1.1",
          "resolved": "https://registry.npmjs.org/debug/-/debug-4.1.1.tgz",
          "integrity": "sha512-pYAIzeRo8J6KPEaJ0VWOh5Pzkbw/RetuzehGM7QRRX5he4fPHx2rdKMB256ehJCkX+XRQm16eZLqLNS8RSZXZw=="
        },
        "qs": {
          "version": "6.6.0",
          "resolved": "https://registry.npmjs.org/qs/-/qs-6.6.0.tgz",
          "integrity": "sha512-KIJqT9jQJDQx5h5uAVPimw6yVg2SekOKu959OCtktD3FjzbpvaPr8i4zzg07DOMz+igA4W/aNM7OV8H37pFYfA=="
        },
        "readable-stream": {
          "version": "3.1.1",
          "resolved": "https://registry.npmjs.org/readable-stream/-/readable-stream-3.1.1.tgz",
          "integrity": "sha512-DkN66hPyqDhnIQ6Jcsvx9bFjhw214O4poMBcIMgPVpQvNy9a0e0Uhg5SqySyDKAmUlwt8LonTBz1ezOnM8pUdA=="
        }
      }
    },
    "url-loader": {
      "version": "1.1.2",
      "resolved": "https://registry.npmjs.org/url-loader/-/url-loader-1.1.2.tgz",
      "integrity": "sha512-dXHkKmw8FhPqu8asTc1puBfe3TehOCo2+RmOOev5suNCIYBcT626kxiWg1NBVkwc4rO8BGa7gP70W7VXuqHrjg=="
    },
    "webpack": {
      "version": "4.29.5",
      "resolved": "https://registry.npmjs.org/webpack/-/webpack-4.29.5.tgz",
      "integrity": "sha512-DuWlYUT982c7XVHodrLO9quFbNpVq5FNxLrMUfYUTlgKW0+yPimynYf1kttSQpEneAL1FH3P3OLNgkyImx8qIQ==",
      "dev": true
    },
    "webpack-cli": {
      "version": "3.2.3",
      "resolved": "https://registry.npmjs.org/webpack-cli/-/webpack-cli-3.2.3.tgz",
      "integrity": "sha512-Ik3SjV6uJtWIAN5jp5ZuBMWEAaP5E4V78XJ2nI+paFPh8v4HPSwo/myN0r29Xc/6ZKnd2IdrAlpSgNOu2CDQ6Q==",
      "dev": true,
      "dependencies": {
        "ansi-regex": {
          "version": "3.0.0",
          "resolved": "https://registry.npmjs.org/ansi-regex/-/ansi-regex-3.0.0.tgz",
          "integrity": "sha1-7QMXwyIGT3lGbAKWa922Bas32Zg="
        },
        "ansi-styles": {
          "version": "3.2.1",
          "resolved": "https://registry.npmjs.org/ansi-styles/-/ansi-styles-3.2.1.tgz",
          "integrity": "sha512-VT0ZI6kZRdTh8YyJw3SMbYm/u+NqfsAxEpWO0Pf9sq8/e94WxxOpPKx9FR1FlyCtOVDNOQ+8ntlqFxiRc+r5qA=="
        },
        "camelcase": {
          "version": "5.0.0",
          "resolved": "https://registry.npmjs.org/camelcase/-/camelcase-5.0.0.tgz",
          "integrity": "sha512-faqwZqnWxbxn+F1d399ygeamQNy3lPp/H9H6rNrqYh4FSVCtcY+3cub1MxA8o9mDd55mM8Aghuu/kuyYA6VTsA=="
        },
        "chalk": {
          "version": "2.4.2",
          "resolved": "https://registry.npmjs.org/chalk/-/chalk-2.4.2.tgz",
          "integrity": "sha512-Mti+f9lpJNcwF4tWV8/OrTTtF1gZi+f8FqlyAdouralcFWFQWF2+NgCHShjkCb+IFBLq9buZwE1xckQU4peSuQ=="
        },
        "cliui": {
          "version": "4.1.0",
          "resolved": "https://registry.npmjs.org/cliui/-/cliui-4.1.0.tgz",
          "integrity": "sha512-4FG+RSG9DL7uEwRUZXZn3SS34DiDPfzP0VOiEwtUWlE+AR2EIg+hSyvrIgUUfhdgR/UkAeW2QHgeP+hWrXs7jQ=="
        },
        "cross-spawn": {
          "version": "6.0.5",
          "resolved": "https://registry.npmjs.org/cross-spawn/-/cross-spawn-6.0.5.tgz",
          "integrity": "sha512-eTVLrBSt7fjbDygz805pMnstIs2VTBNkRm0qxZd+M7A5XDdxVRWO5MxGBXZhjY4cqLYLdtrGqRf8mBPmzwSpWQ=="
        },
        "enhanced-resolve": {
          "version": "4.1.0",
          "resolved": "https://registry.npmjs.org/enhanced-resolve/-/enhanced-resolve-4.1.0.tgz",
          "integrity": "sha512-F/7vkyTtyc/llOIn8oWclcB25KdRaiPBpZYDgJHgh/UHtpgT2p2eldQgtQnLtUvfMKPKxbRaQM/hHkvLHt1Vng=="
        },
        "find-up": {
          "version": "3.0.0",
          "resolved": "https://registry.npmjs.org/find-up/-/find-up-3.0.0.tgz",
          "integrity": "sha512-1yD6RmLI1XBfxugvORwlck6f75tYL+iR0jqwsOrOxMZyGYqUuDhJ0l4AXdO1iX/FTs9cBAMEk1gWSEx1kSbylg=="
        },
        "has-flag": {
          "version": "3.0.0",
          "resolved": "https://registry.npmjs.org/has-flag/-/has-flag-3.0.0.tgz",
          "integrity": "sha1-tdRU3CGZriJWmfNGfloH87lVuv0="
        },
        "invert-kv": {
          "version": "2.0.0",
          "resolved": "https://registry.npmjs.org/invert-kv/-/invert-kv-2.0.0.tgz",
          "integrity": "sha512-wPVv/y/QQ/Uiirj/vh3oP+1Ww+AWehmi1g5fFWGPF6IpCBCDVrhgHRMvrLfdYcwDh3QJbGXDW4JAuzxElLSqKA=="
        },
        "is-fullwidth-code-point": {
          "version": "2.0.0",
          "resolved": "https://registry.npmjs.org/is-fullwidth-code-point/-/is-fullwidth-code-point-2.0.0.tgz",
          "integrity": "sha1-o7MKXE8ZkYMWeqq5O+764937ZU8="
        },
        "lcid": {
          "version": "2.0.0",
          "resolved": "https://registry.npmjs.org/lcid/-/lcid-2.0.0.tgz",
          "integrity": "sha512-avPEb8P8EGnwXKClwsNUgryVjllcRqtMYa49NTsbQagYuT1DcXnl1915oxWjoyGrXR6zH/Y0Zc96xWsPcoDKeA=="
        },
        "locate-path": {
          "version": "3.0.0",
          "resolved": "https://registry.npmjs.org/locate-path/-/locate-path-3.0.0.tgz",
          "integrity": "sha512-7AO748wWnIhNqAuaty2ZWHkQHRSNfPVIsPIfwEOWO22AmaoVrWavlOcMR5nzTLNYvp36X220/maaRsrec1G65A=="
        },
        "os-locale": {
          "version": "3.1.0",
          "resolved": "https://registry.npmjs.org/os-locale/-/os-locale-3.1.0.tgz",
          "integrity": "sha512-Z8l3R4wYWM40/52Z+S265okfFj8Kt2cC2MKY+xNi3kFs+XGI7WXu/I309QQQYbRW4ijiZ+yxs9pqEhJh0DqW3Q=="
        },
        "p-limit": {
          "version": "2.1.0",
          "resolved": "https://registry.npmjs.org/p-limit/-/p-limit-2.1.0.tgz",
          "integrity": "sha512-NhURkNcrVB+8hNfLuysU8enY5xn2KXphsHBaC2YmRNTZRc7RWusw6apSpdEj3jo4CMb6W9nrF6tTnsJsJeyu6g=="
        },
        "p-locate": {
          "version": "3.0.0",
          "resolved": "https://registry.npmjs.org/p-locate/-/p-locate-3.0.0.tgz",
          "integrity": "sha512-x+12w/To+4GFfgJhBEpiDcLozRJGegY+Ei7/z0tSLkMmxGZNybVMSfWj9aJn8Z5Fc7dBUNJOOVgPv2H7IwulSQ=="
        },
        "p-try": {
          "version": "2.0.0",
          "resolved": "https://registry.npmjs.org/p-try/-/p-try-2.0.0.tgz",
          "integrity": "sha512-hMp0onDKIajHfIkdRk3P4CdCmErkYAxxDtP3Wx/4nZ3aGlau2VKh3mZpcuFkH27WQkL/3WBCPOktzA9ZOAnMQQ=="
        },
        "path-exists": {
          "version": "3.0.0",
          "resolved": "https://registry.npmjs.org/path-exists/-/path-exists-3.0.0.tgz",
          "integrity": "sha1-zg6+ql94yxiSXqfYENe1mwEP1RU="
        },
        "string-width": {
          "version": "2.1.1",
          "resolved": "https://registry.npmjs.org/string-width/-/string-width-2.1.1.tgz",
          "integrity": "sha512-nOqH59deCq9SRHlxq1Aw85Jnt4w6KvLKqWVik6oA9ZklXLNIOlqg4F2yrT1MVaTjAqvVwdfeZ7w7aCvJD7ugkw=="
        },
        "strip-ansi": {
          "version": "4.0.0",
          "resolved": "https://registry.npmjs.org/strip-ansi/-/strip-ansi-4.0.0.tgz",
          "integrity": "sha1-qEeQIusaw2iocTibY1JixQXuNo8="
        },
        "supports-color": {
          "version": "5.5.0",
          "resolved": "https://registry.npmjs.org/supports-color/-/supports-color-5.5.0.tgz",
          "integrity": "sha512-QjVjwdXIt408MIiAqCX4oUKsgU2EqAGzs2Ppkm4aQYbjm+ZEWEcW4SfFNTr4uMNZma0ey4f5lgLrkB0aX0QMow=="
        },
        "tapable": {
          "version": "1.1.1",
          "resolved": "https://registry.npmjs.org/tapable/-/tapable-1.1.1.tgz",
          "integrity": "sha512-9I2ydhj8Z9veORCw5PRm4u9uebCn0mcCa6scWoNcbZ6dAtoo2618u9UUzxgmsCOreJpqDDuv61LvwofW7hLcBA=="
        },
        "which-module": {
          "version": "2.0.0",
          "resolved": "https://registry.npmjs.org/which-module/-/which-module-2.0.0.tgz",
          "integrity": "sha1-2e8H3Od7mQK4o6j6SzHD4/fm6Ho="
        },
        "yargs": {
          "version": "12.0.5",
          "resolved": "https://registry.npmjs.org/yargs/-/yargs-12.0.5.tgz",
          "integrity": "sha512-Lhz8TLaYnxq/2ObqHDql8dX8CJi97oHxrjUcYtzKbbykPtVW9WB+poxI+NM2UIzsMgNCZTIf0AQwsjK5yMAqZw=="
        },
        "yargs-parser": {
          "version": "11.1.1",
          "resolved": "https://registry.npmjs.org/yargs-parser/-/yargs-parser-11.1.1.tgz",
          "integrity": "sha512-C6kB/WJDiaxONLJQnF8ccx9SEeoTTLek8RVbaOIsrAUS8VrBEXfmeSnCZxygc+XC2sNMBIwOOnfcxiynjHsVSQ=="
        }
      }
    }
  }
}
